
Microsoft Visual Studio Solution File, Format Version 12.00
# Visual Studio 15
VisualStudioVersion = 15.0.28307.2092
MinimumVisualStudioVersion = 10.0.40219.1
Project("{FAE04EC0-301F-11D3-BF4B-00C04F79EFBC}") = "GamzeHocaOdev6.Hafta1", "GamzeHocaOdev6.Hafta1\GamzeHocaOdev6.Hafta1.csproj", "{3F5FF88C-DDF1-40ED-AA04-96120C8BFBE8}"
EndProject
Global
	GlobalSection(SolutionConfigurationPlatforms) = preSolution
		Debug|Any CPU = Debug|Any CPU
		Release|Any CPU = Release|Any CPU
	EndGlobalSection
	GlobalSection(ProjectConfigurationPlatforms) = postSolution
		{3F5FF88C-DDF1-40ED-AA04-96120C8BFBE8}.Debug|Any CPU.ActiveCfg = Debug|Any CPU
		{3F5FF88C-DDF1-40ED-AA04-96120C8BFBE8}.Debug|Any CPU.Build.0 = Debug|Any CPU
		{3F5FF88C-DDF1-40ED-AA04-96120C8BFBE8}.Release|Any CPU.ActiveCfg = Release|Any CPU
		{3F5FF88C-DDF1-40ED-AA04-96120C8BFBE8}.Release|Any CPU.Build.0 = Release|Any CPU
	EndGlobalSection
	GlobalSection(SolutionProperties) = preSolution
		HideSolutionNode = FALSE
	EndGlobalSection
	GlobalSection(ExtensibilityGlobals) = postSolution
		SolutionGuid = {0A037928-9D69-4BCA-887F-E5EDA7AEE620}
	EndGlobalSection
EndGlobal
