
Microsoft Visual Studio Solution File, Format Version 12.00
# Visual Studio 15
VisualStudioVersion = 15.0.28307.2092
MinimumVisualStudioVersion = 10.0.40219.1
Project("{FAE04EC0-301F-11D3-BF4B-00C04F79EFBC}") = "GamzeHocaOdev9.Hafta3", "GamzeHocaOdev9.Hafta3\GamzeHocaOdev9.Hafta3.csproj", "{E5C2E9DB-4186-493C-A317-4FC35B356885}"
EndProject
Global
	GlobalSection(SolutionConfigurationPlatforms) = preSolution
		Debug|Any CPU = Debug|Any CPU
		Release|Any CPU = Release|Any CPU
	EndGlobalSection
	GlobalSection(ProjectConfigurationPlatforms) = postSolution
		{E5C2E9DB-4186-493C-A317-4FC35B356885}.Debug|Any CPU.ActiveCfg = Debug|Any CPU
		{E5C2E9DB-4186-493C-A317-4FC35B356885}.Debug|Any CPU.Build.0 = Debug|Any CPU
		{E5C2E9DB-4186-493C-A317-4FC35B356885}.Release|Any CPU.ActiveCfg = Release|Any CPU
		{E5C2E9DB-4186-493C-A317-4FC35B356885}.Release|Any CPU.Build.0 = Release|Any CPU
	EndGlobalSection
	GlobalSection(SolutionProperties) = preSolution
		HideSolutionNode = FALSE
	EndGlobalSection
	GlobalSection(ExtensibilityGlobals) = postSolution
		SolutionGuid = {0D1497A0-0345-41F6-90CA-0853CE3C5C32}
	EndGlobalSection
EndGlobal
