
Microsoft Visual Studio Solution File, Format Version 12.00
# Visual Studio 15
VisualStudioVersion = 15.0.28307.2092
MinimumVisualStudioVersion = 10.0.40219.1
Project("{FAE04EC0-301F-11D3-BF4B-00C04F79EFBC}") = "GamzeHocaOdev6.Hafta11", "GamzeHocaOdev6.Hafta11\GamzeHocaOdev6.Hafta11.csproj", "{AB2B812B-6C1B-4C3A-A20B-7A5669551BEB}"
EndProject
Global
	GlobalSection(SolutionConfigurationPlatforms) = preSolution
		Debug|Any CPU = Debug|Any CPU
		Release|Any CPU = Release|Any CPU
	EndGlobalSection
	GlobalSection(ProjectConfigurationPlatforms) = postSolution
		{AB2B812B-6C1B-4C3A-A20B-7A5669551BEB}.Debug|Any CPU.ActiveCfg = Debug|Any CPU
		{AB2B812B-6C1B-4C3A-A20B-7A5669551BEB}.Debug|Any CPU.Build.0 = Debug|Any CPU
		{AB2B812B-6C1B-4C3A-A20B-7A5669551BEB}.Release|Any CPU.ActiveCfg = Release|Any CPU
		{AB2B812B-6C1B-4C3A-A20B-7A5669551BEB}.Release|Any CPU.Build.0 = Release|Any CPU
	EndGlobalSection
	GlobalSection(SolutionProperties) = preSolution
		HideSolutionNode = FALSE
	EndGlobalSection
	GlobalSection(ExtensibilityGlobals) = postSolution
		SolutionGuid = {006BF2C0-AA97-4E48-9B5C-E6C5A3DC7946}
	EndGlobalSection
EndGlobal
