
Microsoft Visual Studio Solution File, Format Version 12.00
# Visual Studio 15
VisualStudioVersion = 15.0.28307.2092
MinimumVisualStudioVersion = 10.0.40219.1
Project("{FAE04EC0-301F-11D3-BF4B-00C04F79EFBC}") = "GamzeHocaOdev6.Hafta4", "GamzeHocaOdev6.Hafta4\GamzeHocaOdev6.Hafta4.csproj", "{F3538E6E-B0B5-4220-8024-C7F062946ABF}"
EndProject
Global
	GlobalSection(SolutionConfigurationPlatforms) = preSolution
		Debug|Any CPU = Debug|Any CPU
		Release|Any CPU = Release|Any CPU
	EndGlobalSection
	GlobalSection(ProjectConfigurationPlatforms) = postSolution
		{F3538E6E-B0B5-4220-8024-C7F062946ABF}.Debug|Any CPU.ActiveCfg = Debug|Any CPU
		{F3538E6E-B0B5-4220-8024-C7F062946ABF}.Debug|Any CPU.Build.0 = Debug|Any CPU
		{F3538E6E-B0B5-4220-8024-C7F062946ABF}.Release|Any CPU.ActiveCfg = Release|Any CPU
		{F3538E6E-B0B5-4220-8024-C7F062946ABF}.Release|Any CPU.Build.0 = Release|Any CPU
	EndGlobalSection
	GlobalSection(SolutionProperties) = preSolution
		HideSolutionNode = FALSE
	EndGlobalSection
	GlobalSection(ExtensibilityGlobals) = postSolution
		SolutionGuid = {8B62E665-CB84-4289-96D5-8854BDB40362}
	EndGlobalSection
EndGlobal
