
Microsoft Visual Studio Solution File, Format Version 12.00
# Visual Studio 15
VisualStudioVersion = 15.0.28307.2092
MinimumVisualStudioVersion = 10.0.40219.1
Project("{FAE04EC0-301F-11D3-BF4B-00C04F79EFBC}") = "GamzeHocaOdev6.Hata9", "GamzeHocaOdev6.Hata9\GamzeHocaOdev6.Hata9.csproj", "{72CF0FB9-0648-4C73-B9E3-381ADA210C4B}"
EndProject
Global
	GlobalSection(SolutionConfigurationPlatforms) = preSolution
		Debug|Any CPU = Debug|Any CPU
		Release|Any CPU = Release|Any CPU
	EndGlobalSection
	GlobalSection(ProjectConfigurationPlatforms) = postSolution
		{72CF0FB9-0648-4C73-B9E3-381ADA210C4B}.Debug|Any CPU.ActiveCfg = Debug|Any CPU
		{72CF0FB9-0648-4C73-B9E3-381ADA210C4B}.Debug|Any CPU.Build.0 = Debug|Any CPU
		{72CF0FB9-0648-4C73-B9E3-381ADA210C4B}.Release|Any CPU.ActiveCfg = Release|Any CPU
		{72CF0FB9-0648-4C73-B9E3-381ADA210C4B}.Release|Any CPU.Build.0 = Release|Any CPU
	EndGlobalSection
	GlobalSection(SolutionProperties) = preSolution
		HideSolutionNode = FALSE
	EndGlobalSection
	GlobalSection(ExtensibilityGlobals) = postSolution
		SolutionGuid = {B7AA7772-AEDB-484C-8865-16AE03D0C9EA}
	EndGlobalSection
EndGlobal
