
Microsoft Visual Studio Solution File, Format Version 12.00
# Visual Studio 15
VisualStudioVersion = 15.0.28307.2092
MinimumVisualStudioVersion = 10.0.40219.1
Project("{FAE04EC0-301F-11D3-BF4B-00C04F79EFBC}") = "GamzeHoca3.Ödev4.HaftaPart2", "GamzeHoca3.Ödev4.HaftaPart2\GamzeHoca3.Ödev4.HaftaPart2.csproj", "{FC5F6B8D-92AA-4B6A-A10F-F4C2C2FED0EB}"
EndProject
Global
	GlobalSection(SolutionConfigurationPlatforms) = preSolution
		Debug|Any CPU = Debug|Any CPU
		Release|Any CPU = Release|Any CPU
	EndGlobalSection
	GlobalSection(ProjectConfigurationPlatforms) = postSolution
		{FC5F6B8D-92AA-4B6A-A10F-F4C2C2FED0EB}.Debug|Any CPU.ActiveCfg = Debug|Any CPU
		{FC5F6B8D-92AA-4B6A-A10F-F4C2C2FED0EB}.Debug|Any CPU.Build.0 = Debug|Any CPU
		{FC5F6B8D-92AA-4B6A-A10F-F4C2C2FED0EB}.Release|Any CPU.ActiveCfg = Release|Any CPU
		{FC5F6B8D-92AA-4B6A-A10F-F4C2C2FED0EB}.Release|Any CPU.Build.0 = Release|Any CPU
	EndGlobalSection
	GlobalSection(SolutionProperties) = preSolution
		HideSolutionNode = FALSE
	EndGlobalSection
	GlobalSection(ExtensibilityGlobals) = postSolution
		SolutionGuid = {54AA3DA7-DA25-4700-A20B-FF6B60E15CAD}
	EndGlobalSection
EndGlobal
