
Microsoft Visual Studio Solution File, Format Version 12.00
# Visual Studio 15
VisualStudioVersion = 15.0.28307.2092
MinimumVisualStudioVersion = 10.0.40219.1
Project("{FAE04EC0-301F-11D3-BF4B-00C04F79EFBC}") = "GamzeHocaOdev6.Hafta5", "GamzeHocaOdev6.Hafta5\GamzeHocaOdev6.Hafta5.csproj", "{37E58259-A627-443F-9683-B23CDF404870}"
EndProject
Global
	GlobalSection(SolutionConfigurationPlatforms) = preSolution
		Debug|Any CPU = Debug|Any CPU
		Release|Any CPU = Release|Any CPU
	EndGlobalSection
	GlobalSection(ProjectConfigurationPlatforms) = postSolution
		{37E58259-A627-443F-9683-B23CDF404870}.Debug|Any CPU.ActiveCfg = Debug|Any CPU
		{37E58259-A627-443F-9683-B23CDF404870}.Debug|Any CPU.Build.0 = Debug|Any CPU
		{37E58259-A627-443F-9683-B23CDF404870}.Release|Any CPU.ActiveCfg = Release|Any CPU
		{37E58259-A627-443F-9683-B23CDF404870}.Release|Any CPU.Build.0 = Release|Any CPU
	EndGlobalSection
	GlobalSection(SolutionProperties) = preSolution
		HideSolutionNode = FALSE
	EndGlobalSection
	GlobalSection(ExtensibilityGlobals) = postSolution
		SolutionGuid = {86619005-8272-4B15-A251-48D410F23870}
	EndGlobalSection
EndGlobal
