
Microsoft Visual Studio Solution File, Format Version 12.00
# Visual Studio 15
VisualStudioVersion = 15.0.28307.2092
MinimumVisualStudioVersion = 10.0.40219.1
Project("{FAE04EC0-301F-11D3-BF4B-00C04F79EFBC}") = "GamzeHocaOdev6.Hafta14", "GamzeHocaOdev6.Hafta14\GamzeHocaOdev6.Hafta14.csproj", "{F4AB7704-C1CB-4651-AAA1-2400CD65FD81}"
EndProject
Global
	GlobalSection(SolutionConfigurationPlatforms) = preSolution
		Debug|Any CPU = Debug|Any CPU
		Release|Any CPU = Release|Any CPU
	EndGlobalSection
	GlobalSection(ProjectConfigurationPlatforms) = postSolution
		{F4AB7704-C1CB-4651-AAA1-2400CD65FD81}.Debug|Any CPU.ActiveCfg = Debug|Any CPU
		{F4AB7704-C1CB-4651-AAA1-2400CD65FD81}.Debug|Any CPU.Build.0 = Debug|Any CPU
		{F4AB7704-C1CB-4651-AAA1-2400CD65FD81}.Release|Any CPU.ActiveCfg = Release|Any CPU
		{F4AB7704-C1CB-4651-AAA1-2400CD65FD81}.Release|Any CPU.Build.0 = Release|Any CPU
	EndGlobalSection
	GlobalSection(SolutionProperties) = preSolution
		HideSolutionNode = FALSE
	EndGlobalSection
	GlobalSection(ExtensibilityGlobals) = postSolution
		SolutionGuid = {C6C0F0B2-1854-4C79-A864-F865DC5E539F}
	EndGlobalSection
EndGlobal
