
Microsoft Visual Studio Solution File, Format Version 12.00
# Visual Studio 15
VisualStudioVersion = 15.0.28307.2092
MinimumVisualStudioVersion = 10.0.40219.1
Project("{FAE04EC0-301F-11D3-BF4B-00C04F79EFBC}") = "GamzeHocaOdev8.Hafta6", "GamzeHocaOdev8.Hafta6\GamzeHocaOdev8.Hafta6.csproj", "{60266B3B-8CE1-435D-BAA3-6767FE72300A}"
EndProject
Global
	GlobalSection(SolutionConfigurationPlatforms) = preSolution
		Debug|Any CPU = Debug|Any CPU
		Release|Any CPU = Release|Any CPU
	EndGlobalSection
	GlobalSection(ProjectConfigurationPlatforms) = postSolution
		{60266B3B-8CE1-435D-BAA3-6767FE72300A}.Debug|Any CPU.ActiveCfg = Debug|Any CPU
		{60266B3B-8CE1-435D-BAA3-6767FE72300A}.Debug|Any CPU.Build.0 = Debug|Any CPU
		{60266B3B-8CE1-435D-BAA3-6767FE72300A}.Release|Any CPU.ActiveCfg = Release|Any CPU
		{60266B3B-8CE1-435D-BAA3-6767FE72300A}.Release|Any CPU.Build.0 = Release|Any CPU
	EndGlobalSection
	GlobalSection(SolutionProperties) = preSolution
		HideSolutionNode = FALSE
	EndGlobalSection
	GlobalSection(ExtensibilityGlobals) = postSolution
		SolutionGuid = {45F937D4-B947-4159-A326-A564EFCE2B2A}
	EndGlobalSection
EndGlobal
