
Microsoft Visual Studio Solution File, Format Version 12.00
# Visual Studio 15
VisualStudioVersion = 15.0.28307.2092
MinimumVisualStudioVersion = 10.0.40219.1
Project("{FAE04EC0-301F-11D3-BF4B-00C04F79EFBC}") = "GamzeHocaOdev7.Hafta3", "GamzeHocaOdev7.Hafta3\GamzeHocaOdev7.Hafta3.csproj", "{5E917D2F-3D94-4185-8134-E727F84C0215}"
EndProject
Global
	GlobalSection(SolutionConfigurationPlatforms) = preSolution
		Debug|Any CPU = Debug|Any CPU
		Release|Any CPU = Release|Any CPU
	EndGlobalSection
	GlobalSection(ProjectConfigurationPlatforms) = postSolution
		{5E917D2F-3D94-4185-8134-E727F84C0215}.Debug|Any CPU.ActiveCfg = Debug|Any CPU
		{5E917D2F-3D94-4185-8134-E727F84C0215}.Debug|Any CPU.Build.0 = Debug|Any CPU
		{5E917D2F-3D94-4185-8134-E727F84C0215}.Release|Any CPU.ActiveCfg = Release|Any CPU
		{5E917D2F-3D94-4185-8134-E727F84C0215}.Release|Any CPU.Build.0 = Release|Any CPU
	EndGlobalSection
	GlobalSection(SolutionProperties) = preSolution
		HideSolutionNode = FALSE
	EndGlobalSection
	GlobalSection(ExtensibilityGlobals) = postSolution
		SolutionGuid = {9EDE2372-0FAC-4FC9-9A66-627E346D1291}
	EndGlobalSection
EndGlobal
