
Microsoft Visual Studio Solution File, Format Version 12.00
# Visual Studio 15
VisualStudioVersion = 15.0.28307.2092
MinimumVisualStudioVersion = 10.0.40219.1
Project("{FAE04EC0-301F-11D3-BF4B-00C04F79EFBC}") = "GamzeHocaOdev9.Hafta5", "GamzeHocaOdev9.Hafta5\GamzeHocaOdev9.Hafta5.csproj", "{802D79B8-345A-4259-BC7D-07ED92E2D54A}"
EndProject
Global
	GlobalSection(SolutionConfigurationPlatforms) = preSolution
		Debug|Any CPU = Debug|Any CPU
		Release|Any CPU = Release|Any CPU
	EndGlobalSection
	GlobalSection(ProjectConfigurationPlatforms) = postSolution
		{802D79B8-345A-4259-BC7D-07ED92E2D54A}.Debug|Any CPU.ActiveCfg = Debug|Any CPU
		{802D79B8-345A-4259-BC7D-07ED92E2D54A}.Debug|Any CPU.Build.0 = Debug|Any CPU
		{802D79B8-345A-4259-BC7D-07ED92E2D54A}.Release|Any CPU.ActiveCfg = Release|Any CPU
		{802D79B8-345A-4259-BC7D-07ED92E2D54A}.Release|Any CPU.Build.0 = Release|Any CPU
	EndGlobalSection
	GlobalSection(SolutionProperties) = preSolution
		HideSolutionNode = FALSE
	EndGlobalSection
	GlobalSection(ExtensibilityGlobals) = postSolution
		SolutionGuid = {B8A1C09F-780F-4C4F-89BC-120D77BCA080}
	EndGlobalSection
EndGlobal
